
Microsoft Visual Studio Solution File, Format Version 12.00
# Visual Studio Version 17
VisualStudioVersion = 17.9.34723.18
MinimumVisualStudioVersion = 10.0.40219.1
Project("{FAE04EC0-301F-11D3-BF4B-00C04F79EFBC}") = "csharp-net-wpf-notepad-clone", "csharp-net-wpf-notepad-clone\csharp-net-wpf-notepad-clone.csproj", "{662BA46A-17E6-4396-B99C-0D1140BE81C5}"
EndProject
Global
	GlobalSection(SolutionConfigurationPlatforms) = preSolution
		Debug|Any CPU = Debug|Any CPU
		Release|Any CPU = Release|Any CPU
	EndGlobalSection
	GlobalSection(ProjectConfigurationPlatforms) = postSolution
		{662BA46A-17E6-4396-B99C-0D1140BE81C5}.Debug|Any CPU.ActiveCfg = Debug|Any CPU
		{662BA46A-17E6-4396-B99C-0D1140BE81C5}.Debug|Any CPU.Build.0 = Debug|Any CPU
		{662BA46A-17E6-4396-B99C-0D1140BE81C5}.Release|Any CPU.ActiveCfg = Release|Any CPU
		{662BA46A-17E6-4396-B99C-0D1140BE81C5}.Release|Any CPU.Build.0 = Release|Any CPU
	EndGlobalSection
	GlobalSection(SolutionProperties) = preSolution
		HideSolutionNode = FALSE
	EndGlobalSection
	GlobalSection(ExtensibilityGlobals) = postSolution
		SolutionGuid = {0341DE54-8424-47A6-96E9-FD7E8B0A47EE}
	EndGlobalSection
EndGlobal
